
Microsoft Visual Studio Solution File, Format Version 12.00
# Visual Studio Version 16
VisualStudioVersion = 16.0.30114.105
MinimumVisualStudioVersion = 10.0.40219.1
Project("{FAE04EC0-301F-11D3-BF4B-00C04F79EFBC}") = "Sales.UWP", "Sales\Sales.UWP\Sales.UWP.csproj", "{FA5DCF60-E070-45F2-9C6F-40F6EFD7BDAB}"
EndProject
Project("{FAE04EC0-301F-11D3-BF4B-00C04F79EFBC}") = "Sales.Android", "Sales\Sales.Android\Sales.Android.csproj", "{93EE0931-8467-404E-945F-AB39A1148955}"
EndProject
Project("{FAE04EC0-301F-11D3-BF4B-00C04F79EFBC}") = "Sales.iOS", "Sales\Sales.iOS\Sales.iOS.csproj", "{596E89B7-F57F-45CE-AC7A-549FA19D9737}"
EndProject
Project("{9A19103F-16F7-4668-BE54-9A1E7A4F7556}") = "Sales", "Sales\Sales\Sales.csproj", "{20ABFF71-4B10-4009-8E25-72E4BC63DBD7}"
EndProject
Project("{FAE04EC0-301F-11D3-BF4B-00C04F79EFBC}") = "Sales.Backend", "Sales.Backend\Sales.Backend.csproj", "{2F4383CC-348A-4072-BDFE-84E307C7EE93}"
EndProject
Project("{FAE04EC0-301F-11D3-BF4B-00C04F79EFBC}") = "Sales.API", "Sales.API\Sales.API.csproj", "{8B526F32-B6DA-4B42-8C00-E487435C04CB}"
EndProject
Project("{FAE04EC0-301F-11D3-BF4B-00C04F79EFBC}") = "Sales.Domain", "Sales.Domain\Sales.Domain.csproj", "{5ABDC763-5A17-4C22-8640-2FFAA86AABDB}"
EndProject
Project("{FAE04EC0-301F-11D3-BF4B-00C04F79EFBC}") = "Sales.Common", "Sales.Common\Sales.Common.csproj", "{30DD7FC2-3D36-4F2A-877E-137A5C726945}"
EndProject
Global
	GlobalSection(SolutionConfigurationPlatforms) = preSolution
		Debug|Any CPU = Debug|Any CPU
		Debug|ARM = Debug|ARM
		Debug|iPhone = Debug|iPhone
		Debug|iPhoneSimulator = Debug|iPhoneSimulator
		Debug|x64 = Debug|x64
		Debug|x86 = Debug|x86
		Release|Any CPU = Release|Any CPU
		Release|ARM = Release|ARM
		Release|iPhone = Release|iPhone
		Release|iPhoneSimulator = Release|iPhoneSimulator
		Release|x64 = Release|x64
		Release|x86 = Release|x86
	EndGlobalSection
	GlobalSection(ProjectConfigurationPlatforms) = postSolution
		{FA5DCF60-E070-45F2-9C6F-40F6EFD7BDAB}.Debug|Any CPU.ActiveCfg = Debug|x86
		{FA5DCF60-E070-45F2-9C6F-40F6EFD7BDAB}.Debug|Any CPU.Build.0 = Debug|x86
		{FA5DCF60-E070-45F2-9C6F-40F6EFD7BDAB}.Debug|Any CPU.Deploy.0 = Debug|x86
		{FA5DCF60-E070-45F2-9C6F-40F6EFD7BDAB}.Debug|ARM.ActiveCfg = Debug|ARM
		{FA5DCF60-E070-45F2-9C6F-40F6EFD7BDAB}.Debug|ARM.Build.0 = Debug|ARM
		{FA5DCF60-E070-45F2-9C6F-40F6EFD7BDAB}.Debug|ARM.Deploy.0 = Debug|ARM
		{FA5DCF60-E070-45F2-9C6F-40F6EFD7BDAB}.Debug|iPhone.ActiveCfg = Debug|x86
		{FA5DCF60-E070-45F2-9C6F-40F6EFD7BDAB}.Debug|iPhone.Build.0 = Debug|x86
		{FA5DCF60-E070-45F2-9C6F-40F6EFD7BDAB}.Debug|iPhone.Deploy.0 = Debug|x86
		{FA5DCF60-E070-45F2-9C6F-40F6EFD7BDAB}.Debug|iPhoneSimulator.ActiveCfg = Debug|x86
		{FA5DCF60-E070-45F2-9C6F-40F6EFD7BDAB}.Debug|iPhoneSimulator.Build.0 = Debug|x86
		{FA5DCF60-E070-45F2-9C6F-40F6EFD7BDAB}.Debug|iPhoneSimulator.Deploy.0 = Debug|x86
		{FA5DCF60-E070-45F2-9C6F-40F6EFD7BDAB}.Debug|x64.ActiveCfg = Debug|x64
		{FA5DCF60-E070-45F2-9C6F-40F6EFD7BDAB}.Debug|x64.Build.0 = Debug|x64
		{FA5DCF60-E070-45F2-9C6F-40F6EFD7BDAB}.Debug|x64.Deploy.0 = Debug|x64
		{FA5DCF60-E070-45F2-9C6F-40F6EFD7BDAB}.Debug|x86.ActiveCfg = Debug|x86
		{FA5DCF60-E070-45F2-9C6F-40F6EFD7BDAB}.Debug|x86.Build.0 = Debug|x86
		{FA5DCF60-E070-45F2-9C6F-40F6EFD7BDAB}.Debug|x86.Deploy.0 = Debug|x86
		{FA5DCF60-E070-45F2-9C6F-40F6EFD7BDAB}.Release|Any CPU.ActiveCfg = Release|x86
		{FA5DCF60-E070-45F2-9C6F-40F6EFD7BDAB}.Release|Any CPU.Build.0 = Release|x86
		{FA5DCF60-E070-45F2-9C6F-40F6EFD7BDAB}.Release|Any CPU.Deploy.0 = Release|x86
		{FA5DCF60-E070-45F2-9C6F-40F6EFD7BDAB}.Release|ARM.ActiveCfg = Release|ARM
		{FA5DCF60-E070-45F2-9C6F-40F6EFD7BDAB}.Release|ARM.Build.0 = Release|ARM
		{FA5DCF60-E070-45F2-9C6F-40F6EFD7BDAB}.Release|ARM.Deploy.0 = Release|ARM
		{FA5DCF60-E070-45F2-9C6F-40F6EFD7BDAB}.Release|iPhone.ActiveCfg = Release|x86
		{FA5DCF60-E070-45F2-9C6F-40F6EFD7BDAB}.Release|iPhone.Build.0 = Release|x86
		{FA5DCF60-E070-45F2-9C6F-40F6EFD7BDAB}.Release|iPhone.Deploy.0 = Release|x86
		{FA5DCF60-E070-45F2-9C6F-40F6EFD7BDAB}.Release|iPhoneSimulator.ActiveCfg = Release|x86
		{FA5DCF60-E070-45F2-9C6F-40F6EFD7BDAB}.Release|iPhoneSimulator.Build.0 = Release|x86
		{FA5DCF60-E070-45F2-9C6F-40F6EFD7BDAB}.Release|iPhoneSimulator.Deploy.0 = Release|x86
		{FA5DCF60-E070-45F2-9C6F-40F6EFD7BDAB}.Release|x64.ActiveCfg = Release|x64
		{FA5DCF60-E070-45F2-9C6F-40F6EFD7BDAB}.Release|x64.Build.0 = Release|x64
		{FA5DCF60-E070-45F2-9C6F-40F6EFD7BDAB}.Release|x64.Deploy.0 = Release|x64
		{FA5DCF60-E070-45F2-9C6F-40F6EFD7BDAB}.Release|x86.ActiveCfg = Release|x86
		{FA5DCF60-E070-45F2-9C6F-40F6EFD7BDAB}.Release|x86.Build.0 = Release|x86
		{FA5DCF60-E070-45F2-9C6F-40F6EFD7BDAB}.Release|x86.Deploy.0 = Release|x86
		{93EE0931-8467-404E-945F-AB39A1148955}.Debug|Any CPU.ActiveCfg = Debug|Any CPU
		{93EE0931-8467-404E-945F-AB39A1148955}.Debug|Any CPU.Build.0 = Debug|Any CPU
		{93EE0931-8467-404E-945F-AB39A1148955}.Debug|Any CPU.Deploy.0 = Debug|Any CPU
		{93EE0931-8467-404E-945F-AB39A1148955}.Debug|ARM.ActiveCfg = Debug|Any CPU
		{93EE0931-8467-404E-945F-AB39A1148955}.Debug|ARM.Build.0 = Debug|Any CPU
		{93EE0931-8467-404E-945F-AB39A1148955}.Debug|ARM.Deploy.0 = Debug|Any CPU
		{93EE0931-8467-404E-945F-AB39A1148955}.Debug|iPhone.ActiveCfg = Debug|Any CPU
		{93EE0931-8467-404E-945F-AB39A1148955}.Debug|iPhone.Build.0 = Debug|Any CPU
		{93EE0931-8467-404E-945F-AB39A1148955}.Debug|iPhone.Deploy.0 = Debug|Any CPU
		{93EE0931-8467-404E-945F-AB39A1148955}.Debug|iPhoneSimulator.ActiveCfg = Debug|Any CPU
		{93EE0931-8467-404E-945F-AB39A1148955}.Debug|iPhoneSimulator.Build.0 = Debug|Any CPU
		{93EE0931-8467-404E-945F-AB39A1148955}.Debug|iPhoneSimulator.Deploy.0 = Debug|Any CPU
		{93EE0931-8467-404E-945F-AB39A1148955}.Debug|x64.ActiveCfg = Debug|Any CPU
		{93EE0931-8467-404E-945F-AB39A1148955}.Debug|x64.Build.0 = Debug|Any CPU
		{93EE0931-8467-404E-945F-AB39A1148955}.Debug|x64.Deploy.0 = Debug|Any CPU
		{93EE0931-8467-404E-945F-AB39A1148955}.Debug|x86.ActiveCfg = Debug|Any CPU
		{93EE0931-8467-404E-945F-AB39A1148955}.Debug|x86.Build.0 = Debug|Any CPU
		{93EE0931-8467-404E-945F-AB39A1148955}.Debug|x86.Deploy.0 = Debug|Any CPU
		{93EE0931-8467-404E-945F-AB39A1148955}.Release|Any CPU.ActiveCfg = Release|Any CPU
		{93EE0931-8467-404E-945F-AB39A1148955}.Release|Any CPU.Build.0 = Release|Any CPU
		{93EE0931-8467-404E-945F-AB39A1148955}.Release|Any CPU.Deploy.0 = Release|Any CPU
		{93EE0931-8467-404E-945F-AB39A1148955}.Release|ARM.ActiveCfg = Release|Any CPU
		{93EE0931-8467-404E-945F-AB39A1148955}.Release|ARM.Build.0 = Release|Any CPU
		{93EE0931-8467-404E-945F-AB39A1148955}.Release|ARM.Deploy.0 = Release|Any CPU
		{93EE0931-8467-404E-945F-AB39A1148955}.Release|iPhone.ActiveCfg = Release|Any CPU
		{93EE0931-8467-404E-945F-AB39A1148955}.Release|iPhone.Build.0 = Release|Any CPU
		{93EE0931-8467-404E-945F-AB39A1148955}.Release|iPhone.Deploy.0 = Release|Any CPU
		{93EE0931-8467-404E-945F-AB39A1148955}.Release|iPhoneSimulator.ActiveCfg = Release|Any CPU
		{93EE0931-8467-404E-945F-AB39A1148955}.Release|iPhoneSimulator.Build.0 = Release|Any CPU
		{93EE0931-8467-404E-945F-AB39A1148955}.Release|iPhoneSimulator.Deploy.0 = Release|Any CPU
		{93EE0931-8467-404E-945F-AB39A1148955}.Release|x64.ActiveCfg = Release|Any CPU
		{93EE0931-8467-404E-945F-AB39A1148955}.Release|x64.Build.0 = Release|Any CPU
		{93EE0931-8467-404E-945F-AB39A1148955}.Release|x64.Deploy.0 = Release|Any CPU
		{93EE0931-8467-404E-945F-AB39A1148955}.Release|x86.ActiveCfg = Release|Any CPU
		{93EE0931-8467-404E-945F-AB39A1148955}.Release|x86.Build.0 = Release|Any CPU
		{93EE0931-8467-404E-945F-AB39A1148955}.Release|x86.Deploy.0 = Release|Any CPU
		{596E89B7-F57F-45CE-AC7A-549FA19D9737}.Debug|Any CPU.ActiveCfg = Debug|iPhone
		{596E89B7-F57F-45CE-AC7A-549FA19D9737}.Debug|Any CPU.Build.0 = Debug|iPhone
		{596E89B7-F57F-45CE-AC7A-549FA19D9737}.Debug|Any CPU.Deploy.0 = Debug|iPhone
		{596E89B7-F57F-45CE-AC7A-549FA19D9737}.Debug|ARM.ActiveCfg = Debug|iPhone
		{596E89B7-F57F-45CE-AC7A-549FA19D9737}.Debug|ARM.Build.0 = Debug|iPhone
		{596E89B7-F57F-45CE-AC7A-549FA19D9737}.Debug|ARM.Deploy.0 = Debug|iPhone
		{596E89B7-F57F-45CE-AC7A-549FA19D9737}.Debug|iPhone.ActiveCfg = Debug|iPhone
		{596E89B7-F57F-45CE-AC7A-549FA19D9737}.Debug|iPhone.Build.0 = Debug|iPhone
		{596E89B7-F57F-45CE-AC7A-549FA19D9737}.Debug|iPhone.Deploy.0 = Debug|iPhone
		{596E89B7-F57F-45CE-AC7A-549FA19D9737}.Debug|iPhoneSimulator.ActiveCfg = Debug|iPhoneSimulator
		{596E89B7-F57F-45CE-AC7A-549FA19D9737}.Debug|iPhoneSimulator.Build.0 = Debug|iPhoneSimulator
		{596E89B7-F57F-45CE-AC7A-549FA19D9737}.Debug|iPhoneSimulator.Deploy.0 = Debug|iPhoneSimulator
		{596E89B7-F57F-45CE-AC7A-549FA19D9737}.Debug|x64.ActiveCfg = Debug|iPhone
		{596E89B7-F57F-45CE-AC7A-549FA19D9737}.Debug|x64.Build.0 = Debug|iPhone
		{596E89B7-F57F-45CE-AC7A-549FA19D9737}.Debug|x64.Deploy.0 = Debug|iPhone
		{596E89B7-F57F-45CE-AC7A-549FA19D9737}.Debug|x86.ActiveCfg = Debug|iPhone
		{596E89B7-F57F-45CE-AC7A-549FA19D9737}.Debug|x86.Build.0 = Debug|iPhone
		{596E89B7-F57F-45CE-AC7A-549FA19D9737}.Debug|x86.Deploy.0 = Debug|iPhone
		{596E89B7-F57F-45CE-AC7A-549FA19D9737}.Release|Any CPU.ActiveCfg = Release|iPhone
		{596E89B7-F57F-45CE-AC7A-549FA19D9737}.Release|Any CPU.Build.0 = Release|iPhone
		{596E89B7-F57F-45CE-AC7A-549FA19D9737}.Release|Any CPU.Deploy.0 = Release|iPhone
		{596E89B7-F57F-45CE-AC7A-549FA19D9737}.Release|ARM.ActiveCfg = Release|iPhone
		{596E89B7-F57F-45CE-AC7A-549FA19D9737}.Release|ARM.Build.0 = Release|iPhone
		{596E89B7-F57F-45CE-AC7A-549FA19D9737}.Release|ARM.Deploy.0 = Release|iPhone
		{596E89B7-F57F-45CE-AC7A-549FA19D9737}.Release|iPhone.ActiveCfg = Release|iPhone
		{596E89B7-F57F-45CE-AC7A-549FA19D9737}.Release|iPhone.Build.0 = Release|iPhone
		{596E89B7-F57F-45CE-AC7A-549FA19D9737}.Release|iPhone.Deploy.0 = Release|iPhone
		{596E89B7-F57F-45CE-AC7A-549FA19D9737}.Release|iPhoneSimulator.ActiveCfg = Release|iPhoneSimulator
		{596E89B7-F57F-45CE-AC7A-549FA19D9737}.Release|iPhoneSimulator.Build.0 = Release|iPhoneSimulator
		{596E89B7-F57F-45CE-AC7A-549FA19D9737}.Release|iPhoneSimulator.Deploy.0 = Release|iPhoneSimulator
		{596E89B7-F57F-45CE-AC7A-549FA19D9737}.Release|x64.ActiveCfg = Release|iPhone
		{596E89B7-F57F-45CE-AC7A-549FA19D9737}.Release|x64.Build.0 = Release|iPhone
		{596E89B7-F57F-45CE-AC7A-549FA19D9737}.Release|x64.Deploy.0 = Release|iPhone
		{596E89B7-F57F-45CE-AC7A-549FA19D9737}.Release|x86.ActiveCfg = Release|iPhone
		{596E89B7-F57F-45CE-AC7A-549FA19D9737}.Release|x86.Build.0 = Release|iPhone
		{596E89B7-F57F-45CE-AC7A-549FA19D9737}.Release|x86.Deploy.0 = Release|iPhone
		{20ABFF71-4B10-4009-8E25-72E4BC63DBD7}.Debug|Any CPU.ActiveCfg = Debug|Any CPU
		{20ABFF71-4B10-4009-8E25-72E4BC63DBD7}.Debug|Any CPU.Build.0 = Debug|Any CPU
		{20ABFF71-4B10-4009-8E25-72E4BC63DBD7}.Debug|Any CPU.Deploy.0 = Debug|Any CPU
		{20ABFF71-4B10-4009-8E25-72E4BC63DBD7}.Debug|ARM.ActiveCfg = Debug|Any CPU
		{20ABFF71-4B10-4009-8E25-72E4BC63DBD7}.Debug|ARM.Build.0 = Debug|Any CPU
		{20ABFF71-4B10-4009-8E25-72E4BC63DBD7}.Debug|ARM.Deploy.0 = Debug|Any CPU
		{20ABFF71-4B10-4009-8E25-72E4BC63DBD7}.Debug|iPhone.ActiveCfg = Debug|Any CPU
		{20ABFF71-4B10-4009-8E25-72E4BC63DBD7}.Debug|iPhone.Build.0 = Debug|Any CPU
		{20ABFF71-4B10-4009-8E25-72E4BC63DBD7}.Debug|iPhone.Deploy.0 = Debug|Any CPU
		{20ABFF71-4B10-4009-8E25-72E4BC63DBD7}.Debug|iPhoneSimulator.ActiveCfg = Debug|Any CPU
		{20ABFF71-4B10-4009-8E25-72E4BC63DBD7}.Debug|iPhoneSimulator.Build.0 = Debug|Any CPU
		{20ABFF71-4B10-4009-8E25-72E4BC63DBD7}.Debug|iPhoneSimulator.Deploy.0 = Debug|Any CPU
		{20ABFF71-4B10-4009-8E25-72E4BC63DBD7}.Debug|x64.ActiveCfg = Debug|Any CPU
		{20ABFF71-4B10-4009-8E25-72E4BC63DBD7}.Debug|x64.Build.0 = Debug|Any CPU
		{20ABFF71-4B10-4009-8E25-72E4BC63DBD7}.Debug|x64.Deploy.0 = Debug|Any CPU
		{20ABFF71-4B10-4009-8E25-72E4BC63DBD7}.Debug|x86.ActiveCfg = Debug|Any CPU
		{20ABFF71-4B10-4009-8E25-72E4BC63DBD7}.Debug|x86.Build.0 = Debug|Any CPU
		{20ABFF71-4B10-4009-8E25-72E4BC63DBD7}.Debug|x86.Deploy.0 = Debug|Any CPU
		{20ABFF71-4B10-4009-8E25-72E4BC63DBD7}.Release|Any CPU.ActiveCfg = Release|Any CPU
		{20ABFF71-4B10-4009-8E25-72E4BC63DBD7}.Release|Any CPU.Build.0 = Release|Any CPU
		{20ABFF71-4B10-4009-8E25-72E4BC63DBD7}.Release|Any CPU.Deploy.0 = Release|Any CPU
		{20ABFF71-4B10-4009-8E25-72E4BC63DBD7}.Release|ARM.ActiveCfg = Release|Any CPU
		{20ABFF71-4B10-4009-8E25-72E4BC63DBD7}.Release|ARM.Build.0 = Release|Any CPU
		{20ABFF71-4B10-4009-8E25-72E4BC63DBD7}.Release|ARM.Deploy.0 = Release|Any CPU
		{20ABFF71-4B10-4009-8E25-72E4BC63DBD7}.Release|iPhone.ActiveCfg = Release|Any CPU
		{20ABFF71-4B10-4009-8E25-72E4BC63DBD7}.Release|iPhone.Build.0 = Release|Any CPU
		{20ABFF71-4B10-4009-8E25-72E4BC63DBD7}.Release|iPhone.Deploy.0 = Release|Any CPU
		{20ABFF71-4B10-4009-8E25-72E4BC63DBD7}.Release|iPhoneSimulator.ActiveCfg = Release|Any CPU
		{20ABFF71-4B10-4009-8E25-72E4BC63DBD7}.Release|iPhoneSimulator.Build.0 = Release|Any CPU
		{20ABFF71-4B10-4009-8E25-72E4BC63DBD7}.Release|iPhoneSimulator.Deploy.0 = Release|Any CPU
		{20ABFF71-4B10-4009-8E25-72E4BC63DBD7}.Release|x64.ActiveCfg = Release|Any CPU
		{20ABFF71-4B10-4009-8E25-72E4BC63DBD7}.Release|x64.Build.0 = Release|Any CPU
		{20ABFF71-4B10-4009-8E25-72E4BC63DBD7}.Release|x64.Deploy.0 = Release|Any CPU
		{20ABFF71-4B10-4009-8E25-72E4BC63DBD7}.Release|x86.ActiveCfg = Release|Any CPU
		{20ABFF71-4B10-4009-8E25-72E4BC63DBD7}.Release|x86.Build.0 = Release|Any CPU
		{20ABFF71-4B10-4009-8E25-72E4BC63DBD7}.Release|x86.Deploy.0 = Release|Any CPU
		{2F4383CC-348A-4072-BDFE-84E307C7EE93}.Debug|Any CPU.ActiveCfg = Debug|Any CPU
		{2F4383CC-348A-4072-BDFE-84E307C7EE93}.Debug|Any CPU.Build.0 = Debug|Any CPU
		{2F4383CC-348A-4072-BDFE-84E307C7EE93}.Debug|ARM.ActiveCfg = Debug|Any CPU
		{2F4383CC-348A-4072-BDFE-84E307C7EE93}.Debug|ARM.Build.0 = Debug|Any CPU
		{2F4383CC-348A-4072-BDFE-84E307C7EE93}.Debug|iPhone.ActiveCfg = Debug|Any CPU
		{2F4383CC-348A-4072-BDFE-84E307C7EE93}.Debug|iPhone.Build.0 = Debug|Any CPU
		{2F4383CC-348A-4072-BDFE-84E307C7EE93}.Debug|iPhoneSimulator.ActiveCfg = Debug|Any CPU
		{2F4383CC-348A-4072-BDFE-84E307C7EE93}.Debug|iPhoneSimulator.Build.0 = Debug|Any CPU
		{2F4383CC-348A-4072-BDFE-84E307C7EE93}.Debug|x64.ActiveCfg = Debug|Any CPU
		{2F4383CC-348A-4072-BDFE-84E307C7EE93}.Debug|x64.Build.0 = Debug|Any CPU
		{2F4383CC-348A-4072-BDFE-84E307C7EE93}.Debug|x86.ActiveCfg = Debug|Any CPU
		{2F4383CC-348A-4072-BDFE-84E307C7EE93}.Debug|x86.Build.0 = Debug|Any CPU
		{2F4383CC-348A-4072-BDFE-84E307C7EE93}.Release|Any CPU.ActiveCfg = Release|Any CPU
		{2F4383CC-348A-4072-BDFE-84E307C7EE93}.Release|Any CPU.Build.0 = Release|Any CPU
		{2F4383CC-348A-4072-BDFE-84E307C7EE93}.Release|ARM.ActiveCfg = Release|Any CPU
		{2F4383CC-348A-4072-BDFE-84E307C7EE93}.Release|ARM.Build.0 = Release|Any CPU
		{2F4383CC-348A-4072-BDFE-84E307C7EE93}.Release|iPhone.ActiveCfg = Release|Any CPU
		{2F4383CC-348A-4072-BDFE-84E307C7EE93}.Release|iPhone.Build.0 = Release|Any CPU
		{2F4383CC-348A-4072-BDFE-84E307C7EE93}.Release|iPhoneSimulator.ActiveCfg = Release|Any CPU
		{2F4383CC-348A-4072-BDFE-84E307C7EE93}.Release|iPhoneSimulator.Build.0 = Release|Any CPU
		{2F4383CC-348A-4072-BDFE-84E307C7EE93}.Release|x64.ActiveCfg = Release|Any CPU
		{2F4383CC-348A-4072-BDFE-84E307C7EE93}.Release|x64.Build.0 = Release|Any CPU
		{2F4383CC-348A-4072-BDFE-84E307C7EE93}.Release|x86.ActiveCfg = Release|Any CPU
		{2F4383CC-348A-4072-BDFE-84E307C7EE93}.Release|x86.Build.0 = Release|Any CPU
		{8B526F32-B6DA-4B42-8C00-E487435C04CB}.Debug|Any CPU.ActiveCfg = Debug|Any CPU
		{8B526F32-B6DA-4B42-8C00-E487435C04CB}.Debug|Any CPU.Build.0 = Debug|Any CPU
		{8B526F32-B6DA-4B42-8C00-E487435C04CB}.Debug|ARM.ActiveCfg = Debug|Any CPU
		{8B526F32-B6DA-4B42-8C00-E487435C04CB}.Debug|ARM.Build.0 = Debug|Any CPU
		{8B526F32-B6DA-4B42-8C00-E487435C04CB}.Debug|iPhone.ActiveCfg = Debug|Any CPU
		{8B526F32-B6DA-4B42-8C00-E487435C04CB}.Debug|iPhone.Build.0 = Debug|Any CPU
		{8B526F32-B6DA-4B42-8C00-E487435C04CB}.Debug|iPhoneSimulator.ActiveCfg = Debug|Any CPU
		{8B526F32-B6DA-4B42-8C00-E487435C04CB}.Debug|iPhoneSimulator.Build.0 = Debug|Any CPU
		{8B526F32-B6DA-4B42-8C00-E487435C04CB}.Debug|x64.ActiveCfg = Debug|Any CPU
		{8B526F32-B6DA-4B42-8C00-E487435C04CB}.Debug|x64.Build.0 = Debug|Any CPU
		{8B526F32-B6DA-4B42-8C00-E487435C04CB}.Debug|x86.ActiveCfg = Debug|Any CPU
		{8B526F32-B6DA-4B42-8C00-E487435C04CB}.Debug|x86.Build.0 = Debug|Any CPU
		{8B526F32-B6DA-4B42-8C00-E487435C04CB}.Release|Any CPU.ActiveCfg = Release|Any CPU
		{8B526F32-B6DA-4B42-8C00-E487435C04CB}.Release|Any CPU.Build.0 = Release|Any CPU
		{8B526F32-B6DA-4B42-8C00-E487435C04CB}.Release|ARM.ActiveCfg = Release|Any CPU
		{8B526F32-B6DA-4B42-8C00-E487435C04CB}.Release|ARM.Build.0 = Release|Any CPU
		{8B526F32-B6DA-4B42-8C00-E487435C04CB}.Release|iPhone.ActiveCfg = Release|Any CPU
		{8B526F32-B6DA-4B42-8C00-E487435C04CB}.Release|iPhone.Build.0 = Release|Any CPU
		{8B526F32-B6DA-4B42-8C00-E487435C04CB}.Release|iPhoneSimulator.ActiveCfg = Release|Any CPU
		{8B526F32-B6DA-4B42-8C00-E487435C04CB}.Release|iPhoneSimulator.Build.0 = Release|Any CPU
		{8B526F32-B6DA-4B42-8C00-E487435C04CB}.Release|x64.ActiveCfg = Release|Any CPU
		{8B526F32-B6DA-4B42-8C00-E487435C04CB}.Release|x64.Build.0 = Release|Any CPU
		{8B526F32-B6DA-4B42-8C00-E487435C04CB}.Release|x86.ActiveCfg = Release|Any CPU
		{8B526F32-B6DA-4B42-8C00-E487435C04CB}.Release|x86.Build.0 = Release|Any CPU
		{5ABDC763-5A17-4C22-8640-2FFAA86AABDB}.Debug|Any CPU.ActiveCfg = Debug|Any CPU
		{5ABDC763-5A17-4C22-8640-2FFAA86AABDB}.Debug|Any CPU.Build.0 = Debug|Any CPU
		{5ABDC763-5A17-4C22-8640-2FFAA86AABDB}.Debug|ARM.ActiveCfg = Debug|Any CPU
		{5ABDC763-5A17-4C22-8640-2FFAA86AABDB}.Debug|ARM.Build.0 = Debug|Any CPU
		{5ABDC763-5A17-4C22-8640-2FFAA86AABDB}.Debug|iPhone.ActiveCfg = Debug|Any CPU
		{5ABDC763-5A17-4C22-8640-2FFAA86AABDB}.Debug|iPhone.Build.0 = Debug|Any CPU
		{5ABDC763-5A17-4C22-8640-2FFAA86AABDB}.Debug|iPhoneSimulator.ActiveCfg = Debug|Any CPU
		{5ABDC763-5A17-4C22-8640-2FFAA86AABDB}.Debug|iPhoneSimulator.Build.0 = Debug|Any CPU
		{5ABDC763-5A17-4C22-8640-2FFAA86AABDB}.Debug|x64.ActiveCfg = Debug|Any CPU
		{5ABDC763-5A17-4C22-8640-2FFAA86AABDB}.Debug|x64.Build.0 = Debug|Any CPU
		{5ABDC763-5A17-4C22-8640-2FFAA86AABDB}.Debug|x86.ActiveCfg = Debug|Any CPU
		{5ABDC763-5A17-4C22-8640-2FFAA86AABDB}.Debug|x86.Build.0 = Debug|Any CPU
		{5ABDC763-5A17-4C22-8640-2FFAA86AABDB}.Release|Any CPU.ActiveCfg = Release|Any CPU
		{5ABDC763-5A17-4C22-8640-2FFAA86AABDB}.Release|Any CPU.Build.0 = Release|Any CPU
		{5ABDC763-5A17-4C22-8640-2FFAA86AABDB}.Release|ARM.ActiveCfg = Release|Any CPU
		{5ABDC763-5A17-4C22-8640-2FFAA86AABDB}.Release|ARM.Build.0 = Release|Any CPU
		{5ABDC763-5A17-4C22-8640-2FFAA86AABDB}.Release|iPhone.ActiveCfg = Release|Any CPU
		{5ABDC763-5A17-4C22-8640-2FFAA86AABDB}.Release|iPhone.Build.0 = Release|Any CPU
		{5ABDC763-5A17-4C22-8640-2FFAA86AABDB}.Release|iPhoneSimulator.ActiveCfg = Release|Any CPU
		{5ABDC763-5A17-4C22-8640-2FFAA86AABDB}.Release|iPhoneSimulator.Build.0 = Release|Any CPU
		{5ABDC763-5A17-4C22-8640-2FFAA86AABDB}.Release|x64.ActiveCfg = Release|Any CPU
		{5ABDC763-5A17-4C22-8640-2FFAA86AABDB}.Release|x64.Build.0 = Release|Any CPU
		{5ABDC763-5A17-4C22-8640-2FFAA86AABDB}.Release|x86.ActiveCfg = Release|Any CPU
		{5ABDC763-5A17-4C22-8640-2FFAA86AABDB}.Release|x86.Build.0 = Release|Any CPU
		{30DD7FC2-3D36-4F2A-877E-137A5C726945}.Debug|Any CPU.ActiveCfg = Debug|Any CPU
		{30DD7FC2-3D36-4F2A-877E-137A5C726945}.Debug|Any CPU.Build.0 = Debug|Any CPU
		{30DD7FC2-3D36-4F2A-877E-137A5C726945}.Debug|ARM.ActiveCfg = Debug|Any CPU
		{30DD7FC2-3D36-4F2A-877E-137A5C726945}.Debug|ARM.Build.0 = Debug|Any CPU
		{30DD7FC2-3D36-4F2A-877E-137A5C726945}.Debug|iPhone.ActiveCfg = Debug|Any CPU
		{30DD7FC2-3D36-4F2A-877E-137A5C726945}.Debug|iPhone.Build.0 = Debug|Any CPU
		{30DD7FC2-3D36-4F2A-877E-137A5C726945}.Debug|iPhoneSimulator.ActiveCfg = Debug|Any CPU
		{30DD7FC2-3D36-4F2A-877E-137A5C726945}.Debug|iPhoneSimulator.Build.0 = Debug|Any CPU
		{30DD7FC2-3D36-4F2A-877E-137A5C726945}.Debug|x64.ActiveCfg = Debug|Any CPU
		{30DD7FC2-3D36-4F2A-877E-137A5C726945}.Debug|x64.Build.0 = Debug|Any CPU
		{30DD7FC2-3D36-4F2A-877E-137A5C726945}.Debug|x86.ActiveCfg = Debug|Any CPU
		{30DD7FC2-3D36-4F2A-877E-137A5C726945}.Debug|x86.Build.0 = Debug|Any CPU
		{30DD7FC2-3D36-4F2A-877E-137A5C726945}.Release|Any CPU.ActiveCfg = Release|Any CPU
		{30DD7FC2-3D36-4F2A-877E-137A5C726945}.Release|Any CPU.Build.0 = Release|Any CPU
		{30DD7FC2-3D36-4F2A-877E-137A5C726945}.Release|ARM.ActiveCfg = Release|Any CPU
		{30DD7FC2-3D36-4F2A-877E-137A5C726945}.Release|ARM.Build.0 = Release|Any CPU
		{30DD7FC2-3D36-4F2A-877E-137A5C726945}.Release|iPhone.ActiveCfg = Release|Any CPU
		{30DD7FC2-3D36-4F2A-877E-137A5C726945}.Release|iPhone.Build.0 = Release|Any CPU
		{30DD7FC2-3D36-4F2A-877E-137A5C726945}.Release|iPhoneSimulator.ActiveCfg = Release|Any CPU
		{30DD7FC2-3D36-4F2A-877E-137A5C726945}.Release|iPhoneSimulator.Build.0 = Release|Any CPU
		{30DD7FC2-3D36-4F2A-877E-137A5C726945}.Release|x64.ActiveCfg = Release|Any CPU
		{30DD7FC2-3D36-4F2A-877E-137A5C726945}.Release|x64.Build.0 = Release|Any CPU
		{30DD7FC2-3D36-4F2A-877E-137A5C726945}.Release|x86.ActiveCfg = Release|Any CPU
		{30DD7FC2-3D36-4F2A-877E-137A5C726945}.Release|x86.Build.0 = Release|Any CPU
	EndGlobalSection
	GlobalSection(SolutionProperties) = preSolution
		HideSolutionNode = FALSE
	EndGlobalSection
	GlobalSection(ExtensibilityGlobals) = postSolution
		SolutionGuid = {B000D170-3F4E-40D8-B7AF-C069FF378F0A}
	EndGlobalSection
EndGlobal
